
Microsoft Visual Studio Solution File, Format Version 12.00
# Visual Studio Version 17
VisualStudioVersion = 17.4.33122.133
MinimumVisualStudioVersion = 10.0.40219.1
Project("{9A19103F-16F7-4668-BE54-9A1E7A4F7556}") = "Three_Layer_Example", "CoffeeShopSorfware\Three_Layer_Example.csproj", "{CBD15D34-716E-44A5-A65B-51C846B19760}"
EndProject
Global
	GlobalSection(SolutionConfigurationPlatforms) = preSolution
		Debug|Any CPU = Debug|Any CPU
		Release|Any CPU = Release|Any CPU
	EndGlobalSection
	GlobalSection(ProjectConfigurationPlatforms) = postSolution
		{CBD15D34-716E-44A5-A65B-51C846B19760}.Debug|Any CPU.ActiveCfg = Debug|Any CPU
		{CBD15D34-716E-44A5-A65B-51C846B19760}.Debug|Any CPU.Build.0 = Debug|Any CPU
		{CBD15D34-716E-44A5-A65B-51C846B19760}.Release|Any CPU.ActiveCfg = Release|Any CPU
		{CBD15D34-716E-44A5-A65B-51C846B19760}.Release|Any CPU.Build.0 = Release|Any CPU
	EndGlobalSection
	GlobalSection(SolutionProperties) = preSolution
		HideSolutionNode = FALSE
	EndGlobalSection
	GlobalSection(ExtensibilityGlobals) = postSolution
		SolutionGuid = {0D7EA242-46B2-44A9-BBCB-844DA7EFB1AF}
	EndGlobalSection
EndGlobal
